
Microsoft Visual Studio Solution File, Format Version 12.00
# Visual Studio Version 17
VisualStudioVersion = 17.0.31903.59
MinimumVisualStudioVersion = 10.0.40219.1
Project("{9A19103F-16F7-4668-BE54-9A1E7A4F7556}") = "WPFCode.Lab1", "WPFCode.Lab1\WPFCode.Lab1.csproj", "{79E7AB21-E2F3-4A6F-BF8C-841AB0A1DCDB}"
EndProject
Project("{9A19103F-16F7-4668-BE54-9A1E7A4F7556}") = "WPFCode.Lab2.1", "WPFCode.Lab2.1\WPFCode.Lab2.1.csproj", "{9604BAED-13DD-4F98-81E1-E4BFF047A631}"
EndProject
Project("{9A19103F-16F7-4668-BE54-9A1E7A4F7556}") = "WPFCode.Lab2.2", "WPFCode.Lab2.2\WPFCode.Lab2.2.csproj", "{85A7A742-9E69-4743-BEDE-37B9C95436D6}"
EndProject
Project("{2150E333-8FDC-42A3-9474-1A3956D46DE8}") = "Lab1", "Lab1", "{A1B3322F-F836-4EFB-BD40-33F6F3649E8E}"
EndProject
Project("{2150E333-8FDC-42A3-9474-1A3956D46DE8}") = "Lab2", "Lab2", "{759D7868-8F9D-467C-8DAB-B0BEE7B79F33}"
EndProject
Project("{2150E333-8FDC-42A3-9474-1A3956D46DE8}") = "Lab3", "Lab3", "{95602009-3B4A-41EB-9EAD-37CA108BC71E}"
EndProject
Project("{9A19103F-16F7-4668-BE54-9A1E7A4F7556}") = "WPFCode.Lab3.Task1", "WPFCode.Lab3.Task1\WPFCode.Lab3.Task1.csproj", "{6B3722D6-0281-4BC1-8F01-E0670F256DE4}"
EndProject
Project("{9A19103F-16F7-4668-BE54-9A1E7A4F7556}") = "WPFCode.Lab3.Task2", "WPFCode.Lab3.Task2\WPFCode.Lab3.Task2.csproj", "{EAC4B32B-BFCA-44AF-B738-AC2E90761D8B}"
EndProject
Project("{2150E333-8FDC-42A3-9474-1A3956D46DE8}") = "Lab4", "Lab4", "{E9F5CB7F-2451-42A8-BA6C-E8921DDA4A1F}"
EndProject
Project("{9A19103F-16F7-4668-BE54-9A1E7A4F7556}") = "WPFCode.Lab4.Task1", "WPFCode.Lab4.Task1\WPFCode.Lab4.Task1.csproj", "{75EA1C41-E452-4E11-8782-40C5803D1529}"
EndProject
Project("{9A19103F-16F7-4668-BE54-9A1E7A4F7556}") = "WPFCode.Lab4.Task2", "WPFCode.Lab4.Task2\WPFCode.Lab4.Task2.csproj", "{7105B752-E7D9-463D-82C4-C9308F2A25F4}"
EndProject
Project("{9A19103F-16F7-4668-BE54-9A1E7A4F7556}") = "WPFCode.Lab4.Task3", "WPFCode.Lab4.Task3\WPFCode.Lab4.Task3.csproj", "{E79A14B7-60C8-4EC0-A13C-71BAD5E3DA9C}"
EndProject
Project("{2150E333-8FDC-42A3-9474-1A3956D46DE8}") = "Lab5", "Lab5", "{F3DB11F1-76D3-490F-941D-1A11F56FD797}"
EndProject
Project("{FAE04EC0-301F-11D3-BF4B-00C04F79EFBC}") = "WPFCode.Lab5.Task1", "WPFCode.Lab5.Task1\WPFCode.Lab5.Task1.csproj", "{5B77029C-264E-4E39-A168-253C2D533061}"
EndProject
Project("{FAE04EC0-301F-11D3-BF4B-00C04F79EFBC}") = "WPFCode.Lab5.Task2", "WPFCode.Lab5.Task2\WPFCode.Lab5.Task2.csproj", "{16A7D14C-ABCC-41A0-A960-8831055ECF66}"
EndProject
Project("{FAE04EC0-301F-11D3-BF4B-00C04F79EFBC}") = "WPFCode.Lab5.Task3", "WPFCode.Lab5.Task3\WPFCode.Lab5.Task3.csproj", "{44738F8C-766A-4A2E-A952-543420D5F130}"
EndProject
Project("{2150E333-8FDC-42A3-9474-1A3956D46DE8}") = "Lab7", "Lab7", "{2B52436B-E0A4-4F57-B470-50D44740852F}"
EndProject
Project("{2150E333-8FDC-42A3-9474-1A3956D46DE8}") = "Lab7.Variant02", "Lab7.Variant02", "{7259F673-BA81-4FD1-9437-3480BC3940D8}"
EndProject
Project("{2150E333-8FDC-42A3-9474-1A3956D46DE8}") = "Lab7.Variant03", "Lab7.Variant03", "{FEE10EA7-C793-4EA8-94F0-433F55A84A65}"
EndProject
Project("{2150E333-8FDC-42A3-9474-1A3956D46DE8}") = "Lab7.Variant05", "Lab7.Variant05", "{E0E9313E-4D9F-4A98-A681-1E1E8102A329}"
EndProject
Project("{2150E333-8FDC-42A3-9474-1A3956D46DE8}") = "Lab7.Variant06", "Lab7.Variant06", "{BC6DDBDE-907C-4199-886A-68F07C34B2BF}"
EndProject
Project("{2150E333-8FDC-42A3-9474-1A3956D46DE8}") = "Lab7.Variant07", "Lab7.Variant07", "{E00B6AC2-2A77-4B9C-8910-A63B618575E5}"
EndProject
Project("{2150E333-8FDC-42A3-9474-1A3956D46DE8}") = "Lab7.Variant08", "Lab7.Variant08", "{DD6489CC-651B-4D1D-9093-F2E9F1DF30FA}"
EndProject
Project("{2150E333-8FDC-42A3-9474-1A3956D46DE8}") = "Lab7.Variant09", "Lab7.Variant09", "{8724FDFB-22B8-4257-A369-8AD9C866F472}"
EndProject
Project("{2150E333-8FDC-42A3-9474-1A3956D46DE8}") = "Lab7.Variant10", "Lab7.Variant10", "{4500AF97-A63F-4C1B-AE98-FA70A2872C08}"
EndProject
Project("{FAE04EC0-301F-11D3-BF4B-00C04F79EFBC}") = "Lab7.Variant02.Library", "Lab7.Variant02.Library\Lab7.Variant02.Library.csproj", "{979E7148-2453-4562-B887-3B5A5A125925}"
EndProject
Project("{FAE04EC0-301F-11D3-BF4B-00C04F79EFBC}") = "Lab7.Variant02.Tests", "Lab7.Variant02.Tests\Lab7.Variant02.Tests.csproj", "{AAD80499-A6CF-43D9-9065-51BE8EDDF1A8}"
EndProject
Project("{FAE04EC0-301F-11D3-BF4B-00C04F79EFBC}") = "Lab7.Variant03.Library", "Lab7.Variant03.Library\Lab7.Variant03.Library.csproj", "{D6550671-541B-4E0B-8E54-985139A99845}"
EndProject
Project("{FAE04EC0-301F-11D3-BF4B-00C04F79EFBC}") = "Lab7.Variant03.Tests", "Lab7.Variant03.Tests\Lab7.Variant03.Tests.csproj", "{2B8D4BC5-6E57-4067-B37C-0325CDCF04A4}"
EndProject
Project("{FAE04EC0-301F-11D3-BF4B-00C04F79EFBC}") = "Lab7.Variant05.Library", "Lab7.Variant05.Library\Lab7.Variant05.Library.csproj", "{972D044B-4DFC-4482-90F6-4C8BF577AC3A}"
EndProject
Project("{FAE04EC0-301F-11D3-BF4B-00C04F79EFBC}") = "Lab7.Variant05.Tests", "Lab7.Variant05.Tests\Lab7.Variant05.Tests.csproj", "{8D5F5C36-7DC1-41F7-ADEF-90CBE0ED9518}"
EndProject
Project("{FAE04EC0-301F-11D3-BF4B-00C04F79EFBC}") = "Lab7.Variant06.Library", "Lab7.Variant06.Library\Lab7.Variant06.Library.csproj", "{E99EE8CC-3907-4017-AE07-96C244BEF692}"
EndProject
Project("{FAE04EC0-301F-11D3-BF4B-00C04F79EFBC}") = "Lab7.Variant06.Tests", "Lab7.Variant06.Tests\Lab7.Variant06.Tests.csproj", "{5E556F7F-DF08-4677-976A-BA4AC22BA1EF}"
EndProject
Project("{FAE04EC0-301F-11D3-BF4B-00C04F79EFBC}") = "Lab7.Variant07.Library", "Lab7.Variant07.Library\Lab7.Variant07.Library.csproj", "{376C83C8-EED5-4A5B-BFA9-89151445ED9E}"
EndProject
Project("{FAE04EC0-301F-11D3-BF4B-00C04F79EFBC}") = "Lab7.Variant07.Tests", "Lab7.Variant07.Tests\Lab7.Variant07.Tests.csproj", "{E32C21DA-B0B6-43A1-B9BA-6910FA8343AC}"
EndProject
Global
	GlobalSection(SolutionConfigurationPlatforms) = preSolution
		Debug|Any CPU = Debug|Any CPU
		Release|Any CPU = Release|Any CPU
	EndGlobalSection
	GlobalSection(ProjectConfigurationPlatforms) = postSolution
		{79E7AB21-E2F3-4A6F-BF8C-841AB0A1DCDB}.Debug|Any CPU.ActiveCfg = Debug|Any CPU
		{79E7AB21-E2F3-4A6F-BF8C-841AB0A1DCDB}.Debug|Any CPU.Build.0 = Debug|Any CPU
		{79E7AB21-E2F3-4A6F-BF8C-841AB0A1DCDB}.Release|Any CPU.ActiveCfg = Release|Any CPU
		{79E7AB21-E2F3-4A6F-BF8C-841AB0A1DCDB}.Release|Any CPU.Build.0 = Release|Any CPU
		{9604BAED-13DD-4F98-81E1-E4BFF047A631}.Debug|Any CPU.ActiveCfg = Debug|Any CPU
		{9604BAED-13DD-4F98-81E1-E4BFF047A631}.Debug|Any CPU.Build.0 = Debug|Any CPU
		{9604BAED-13DD-4F98-81E1-E4BFF047A631}.Release|Any CPU.ActiveCfg = Release|Any CPU
		{9604BAED-13DD-4F98-81E1-E4BFF047A631}.Release|Any CPU.Build.0 = Release|Any CPU
		{85A7A742-9E69-4743-BEDE-37B9C95436D6}.Debug|Any CPU.ActiveCfg = Debug|Any CPU
		{85A7A742-9E69-4743-BEDE-37B9C95436D6}.Debug|Any CPU.Build.0 = Debug|Any CPU
		{85A7A742-9E69-4743-BEDE-37B9C95436D6}.Release|Any CPU.ActiveCfg = Release|Any CPU
		{85A7A742-9E69-4743-BEDE-37B9C95436D6}.Release|Any CPU.Build.0 = Release|Any CPU
		{6B3722D6-0281-4BC1-8F01-E0670F256DE4}.Debug|Any CPU.ActiveCfg = Debug|Any CPU
		{6B3722D6-0281-4BC1-8F01-E0670F256DE4}.Debug|Any CPU.Build.0 = Debug|Any CPU
		{6B3722D6-0281-4BC1-8F01-E0670F256DE4}.Release|Any CPU.ActiveCfg = Release|Any CPU
		{6B3722D6-0281-4BC1-8F01-E0670F256DE4}.Release|Any CPU.Build.0 = Release|Any CPU
		{EAC4B32B-BFCA-44AF-B738-AC2E90761D8B}.Debug|Any CPU.ActiveCfg = Debug|Any CPU
		{EAC4B32B-BFCA-44AF-B738-AC2E90761D8B}.Debug|Any CPU.Build.0 = Debug|Any CPU
		{EAC4B32B-BFCA-44AF-B738-AC2E90761D8B}.Release|Any CPU.ActiveCfg = Release|Any CPU
		{EAC4B32B-BFCA-44AF-B738-AC2E90761D8B}.Release|Any CPU.Build.0 = Release|Any CPU
		{75EA1C41-E452-4E11-8782-40C5803D1529}.Debug|Any CPU.ActiveCfg = Debug|Any CPU
		{75EA1C41-E452-4E11-8782-40C5803D1529}.Debug|Any CPU.Build.0 = Debug|Any CPU
		{75EA1C41-E452-4E11-8782-40C5803D1529}.Release|Any CPU.ActiveCfg = Release|Any CPU
		{75EA1C41-E452-4E11-8782-40C5803D1529}.Release|Any CPU.Build.0 = Release|Any CPU
		{7105B752-E7D9-463D-82C4-C9308F2A25F4}.Debug|Any CPU.ActiveCfg = Debug|Any CPU
		{7105B752-E7D9-463D-82C4-C9308F2A25F4}.Debug|Any CPU.Build.0 = Debug|Any CPU
		{7105B752-E7D9-463D-82C4-C9308F2A25F4}.Release|Any CPU.ActiveCfg = Release|Any CPU
		{7105B752-E7D9-463D-82C4-C9308F2A25F4}.Release|Any CPU.Build.0 = Release|Any CPU
		{E79A14B7-60C8-4EC0-A13C-71BAD5E3DA9C}.Debug|Any CPU.ActiveCfg = Debug|Any CPU
		{E79A14B7-60C8-4EC0-A13C-71BAD5E3DA9C}.Debug|Any CPU.Build.0 = Debug|Any CPU
		{E79A14B7-60C8-4EC0-A13C-71BAD5E3DA9C}.Release|Any CPU.ActiveCfg = Release|Any CPU
		{E79A14B7-60C8-4EC0-A13C-71BAD5E3DA9C}.Release|Any CPU.Build.0 = Release|Any CPU
		{5B77029C-264E-4E39-A168-253C2D533061}.Debug|Any CPU.ActiveCfg = Debug|Any CPU
		{5B77029C-264E-4E39-A168-253C2D533061}.Debug|Any CPU.Build.0 = Debug|Any CPU
		{5B77029C-264E-4E39-A168-253C2D533061}.Release|Any CPU.ActiveCfg = Release|Any CPU
		{5B77029C-264E-4E39-A168-253C2D533061}.Release|Any CPU.Build.0 = Release|Any CPU
		{16A7D14C-ABCC-41A0-A960-8831055ECF66}.Debug|Any CPU.ActiveCfg = Debug|Any CPU
		{16A7D14C-ABCC-41A0-A960-8831055ECF66}.Debug|Any CPU.Build.0 = Debug|Any CPU
		{16A7D14C-ABCC-41A0-A960-8831055ECF66}.Release|Any CPU.ActiveCfg = Release|Any CPU
		{16A7D14C-ABCC-41A0-A960-8831055ECF66}.Release|Any CPU.Build.0 = Release|Any CPU
		{44738F8C-766A-4A2E-A952-543420D5F130}.Debug|Any CPU.ActiveCfg = Debug|Any CPU
		{44738F8C-766A-4A2E-A952-543420D5F130}.Debug|Any CPU.Build.0 = Debug|Any CPU
		{44738F8C-766A-4A2E-A952-543420D5F130}.Release|Any CPU.ActiveCfg = Release|Any CPU
		{44738F8C-766A-4A2E-A952-543420D5F130}.Release|Any CPU.Build.0 = Release|Any CPU
		{979E7148-2453-4562-B887-3B5A5A125925}.Debug|Any CPU.ActiveCfg = Debug|Any CPU
		{979E7148-2453-4562-B887-3B5A5A125925}.Debug|Any CPU.Build.0 = Debug|Any CPU
		{979E7148-2453-4562-B887-3B5A5A125925}.Release|Any CPU.ActiveCfg = Release|Any CPU
		{979E7148-2453-4562-B887-3B5A5A125925}.Release|Any CPU.Build.0 = Release|Any CPU
		{AAD80499-A6CF-43D9-9065-51BE8EDDF1A8}.Debug|Any CPU.ActiveCfg = Debug|Any CPU
		{AAD80499-A6CF-43D9-9065-51BE8EDDF1A8}.Debug|Any CPU.Build.0 = Debug|Any CPU
		{AAD80499-A6CF-43D9-9065-51BE8EDDF1A8}.Release|Any CPU.ActiveCfg = Release|Any CPU
		{AAD80499-A6CF-43D9-9065-51BE8EDDF1A8}.Release|Any CPU.Build.0 = Release|Any CPU
		{D6550671-541B-4E0B-8E54-985139A99845}.Debug|Any CPU.ActiveCfg = Debug|Any CPU
		{D6550671-541B-4E0B-8E54-985139A99845}.Debug|Any CPU.Build.0 = Debug|Any CPU
		{D6550671-541B-4E0B-8E54-985139A99845}.Release|Any CPU.ActiveCfg = Release|Any CPU
		{D6550671-541B-4E0B-8E54-985139A99845}.Release|Any CPU.Build.0 = Release|Any CPU
		{2B8D4BC5-6E57-4067-B37C-0325CDCF04A4}.Debug|Any CPU.ActiveCfg = Debug|Any CPU
		{2B8D4BC5-6E57-4067-B37C-0325CDCF04A4}.Debug|Any CPU.Build.0 = Debug|Any CPU
		{2B8D4BC5-6E57-4067-B37C-0325CDCF04A4}.Release|Any CPU.ActiveCfg = Release|Any CPU
		{2B8D4BC5-6E57-4067-B37C-0325CDCF04A4}.Release|Any CPU.Build.0 = Release|Any CPU
		{972D044B-4DFC-4482-90F6-4C8BF577AC3A}.Debug|Any CPU.ActiveCfg = Debug|Any CPU
		{972D044B-4DFC-4482-90F6-4C8BF577AC3A}.Debug|Any CPU.Build.0 = Debug|Any CPU
		{972D044B-4DFC-4482-90F6-4C8BF577AC3A}.Release|Any CPU.ActiveCfg = Release|Any CPU
		{972D044B-4DFC-4482-90F6-4C8BF577AC3A}.Release|Any CPU.Build.0 = Release|Any CPU
		{8D5F5C36-7DC1-41F7-ADEF-90CBE0ED9518}.Debug|Any CPU.ActiveCfg = Debug|Any CPU
		{8D5F5C36-7DC1-41F7-ADEF-90CBE0ED9518}.Debug|Any CPU.Build.0 = Debug|Any CPU
		{8D5F5C36-7DC1-41F7-ADEF-90CBE0ED9518}.Release|Any CPU.ActiveCfg = Release|Any CPU
		{8D5F5C36-7DC1-41F7-ADEF-90CBE0ED9518}.Release|Any CPU.Build.0 = Release|Any CPU
		{E99EE8CC-3907-4017-AE07-96C244BEF692}.Debug|Any CPU.ActiveCfg = Debug|Any CPU
		{E99EE8CC-3907-4017-AE07-96C244BEF692}.Debug|Any CPU.Build.0 = Debug|Any CPU
		{E99EE8CC-3907-4017-AE07-96C244BEF692}.Release|Any CPU.ActiveCfg = Release|Any CPU
		{E99EE8CC-3907-4017-AE07-96C244BEF692}.Release|Any CPU.Build.0 = Release|Any CPU
		{5E556F7F-DF08-4677-976A-BA4AC22BA1EF}.Debug|Any CPU.ActiveCfg = Debug|Any CPU
		{5E556F7F-DF08-4677-976A-BA4AC22BA1EF}.Debug|Any CPU.Build.0 = Debug|Any CPU
		{5E556F7F-DF08-4677-976A-BA4AC22BA1EF}.Release|Any CPU.ActiveCfg = Release|Any CPU
		{5E556F7F-DF08-4677-976A-BA4AC22BA1EF}.Release|Any CPU.Build.0 = Release|Any CPU
		{376C83C8-EED5-4A5B-BFA9-89151445ED9E}.Debug|Any CPU.ActiveCfg = Debug|Any CPU
		{376C83C8-EED5-4A5B-BFA9-89151445ED9E}.Debug|Any CPU.Build.0 = Debug|Any CPU
		{376C83C8-EED5-4A5B-BFA9-89151445ED9E}.Release|Any CPU.ActiveCfg = Release|Any CPU
		{376C83C8-EED5-4A5B-BFA9-89151445ED9E}.Release|Any CPU.Build.0 = Release|Any CPU
		{E32C21DA-B0B6-43A1-B9BA-6910FA8343AC}.Debug|Any CPU.ActiveCfg = Debug|Any CPU
		{E32C21DA-B0B6-43A1-B9BA-6910FA8343AC}.Debug|Any CPU.Build.0 = Debug|Any CPU
		{E32C21DA-B0B6-43A1-B9BA-6910FA8343AC}.Release|Any CPU.ActiveCfg = Release|Any CPU
		{E32C21DA-B0B6-43A1-B9BA-6910FA8343AC}.Release|Any CPU.Build.0 = Release|Any CPU
	EndGlobalSection
	GlobalSection(SolutionProperties) = preSolution
		HideSolutionNode = FALSE
	EndGlobalSection
	GlobalSection(NestedProjects) = preSolution
		{79E7AB21-E2F3-4A6F-BF8C-841AB0A1DCDB} = {A1B3322F-F836-4EFB-BD40-33F6F3649E8E}
		{9604BAED-13DD-4F98-81E1-E4BFF047A631} = {759D7868-8F9D-467C-8DAB-B0BEE7B79F33}
		{85A7A742-9E69-4743-BEDE-37B9C95436D6} = {759D7868-8F9D-467C-8DAB-B0BEE7B79F33}
		{6B3722D6-0281-4BC1-8F01-E0670F256DE4} = {95602009-3B4A-41EB-9EAD-37CA108BC71E}
		{EAC4B32B-BFCA-44AF-B738-AC2E90761D8B} = {95602009-3B4A-41EB-9EAD-37CA108BC71E}
		{75EA1C41-E452-4E11-8782-40C5803D1529} = {E9F5CB7F-2451-42A8-BA6C-E8921DDA4A1F}
		{7105B752-E7D9-463D-82C4-C9308F2A25F4} = {E9F5CB7F-2451-42A8-BA6C-E8921DDA4A1F}
		{E79A14B7-60C8-4EC0-A13C-71BAD5E3DA9C} = {E9F5CB7F-2451-42A8-BA6C-E8921DDA4A1F}
		{5B77029C-264E-4E39-A168-253C2D533061} = {F3DB11F1-76D3-490F-941D-1A11F56FD797}
		{16A7D14C-ABCC-41A0-A960-8831055ECF66} = {F3DB11F1-76D3-490F-941D-1A11F56FD797}
		{44738F8C-766A-4A2E-A952-543420D5F130} = {F3DB11F1-76D3-490F-941D-1A11F56FD797}
		{7259F673-BA81-4FD1-9437-3480BC3940D8} = {2B52436B-E0A4-4F57-B470-50D44740852F}
		{FEE10EA7-C793-4EA8-94F0-433F55A84A65} = {2B52436B-E0A4-4F57-B470-50D44740852F}
		{E0E9313E-4D9F-4A98-A681-1E1E8102A329} = {2B52436B-E0A4-4F57-B470-50D44740852F}
		{BC6DDBDE-907C-4199-886A-68F07C34B2BF} = {2B52436B-E0A4-4F57-B470-50D44740852F}
		{E00B6AC2-2A77-4B9C-8910-A63B618575E5} = {2B52436B-E0A4-4F57-B470-50D44740852F}
		{DD6489CC-651B-4D1D-9093-F2E9F1DF30FA} = {2B52436B-E0A4-4F57-B470-50D44740852F}
		{8724FDFB-22B8-4257-A369-8AD9C866F472} = {2B52436B-E0A4-4F57-B470-50D44740852F}
		{4500AF97-A63F-4C1B-AE98-FA70A2872C08} = {2B52436B-E0A4-4F57-B470-50D44740852F}
		{979E7148-2453-4562-B887-3B5A5A125925} = {7259F673-BA81-4FD1-9437-3480BC3940D8}
		{AAD80499-A6CF-43D9-9065-51BE8EDDF1A8} = {7259F673-BA81-4FD1-9437-3480BC3940D8}
		{D6550671-541B-4E0B-8E54-985139A99845} = {FEE10EA7-C793-4EA8-94F0-433F55A84A65}
		{2B8D4BC5-6E57-4067-B37C-0325CDCF04A4} = {FEE10EA7-C793-4EA8-94F0-433F55A84A65}
		{972D044B-4DFC-4482-90F6-4C8BF577AC3A} = {E0E9313E-4D9F-4A98-A681-1E1E8102A329}
		{8D5F5C36-7DC1-41F7-ADEF-90CBE0ED9518} = {E0E9313E-4D9F-4A98-A681-1E1E8102A329}
		{E99EE8CC-3907-4017-AE07-96C244BEF692} = {BC6DDBDE-907C-4199-886A-68F07C34B2BF}
		{5E556F7F-DF08-4677-976A-BA4AC22BA1EF} = {BC6DDBDE-907C-4199-886A-68F07C34B2BF}
		{376C83C8-EED5-4A5B-BFA9-89151445ED9E} = {E00B6AC2-2A77-4B9C-8910-A63B618575E5}
		{E32C21DA-B0B6-43A1-B9BA-6910FA8343AC} = {E00B6AC2-2A77-4B9C-8910-A63B618575E5}
	EndGlobalSection
	GlobalSection(ExtensibilityGlobals) = postSolution
		SolutionGuid = {280F1E8E-4D6D-494A-B500-5E8B2627A146}
	EndGlobalSection
EndGlobal
