
Microsoft Visual Studio Solution File, Format Version 12.00
# Visual Studio Version 17
VisualStudioVersion = 17.0.31903.59
MinimumVisualStudioVersion = 10.0.40219.1
Project("{9A19103F-16F7-4668-BE54-9A1E7A4F7556}") = "WPFCode.Lab1", "WPFCode.Lab1\WPFCode.Lab1.csproj", "{79E7AB21-E2F3-4A6F-BF8C-841AB0A1DCDB}"
EndProject
Project("{9A19103F-16F7-4668-BE54-9A1E7A4F7556}") = "WPFCode.Lab2.1", "WPFCode.Lab2.1\WPFCode.Lab2.1.csproj", "{9604BAED-13DD-4F98-81E1-E4BFF047A631}"
EndProject
Project("{FAE04EC0-301F-11D3-BF4B-00C04F79EFBC}") = "WPFCode.Lab2.2", "WPFCode.Lab2.2\WPFCode.Lab2.2.csproj", "{85A7A742-9E69-4743-BEDE-37B9C95436D6}"
EndProject
Global
	GlobalSection(SolutionConfigurationPlatforms) = preSolution
		Debug|Any CPU = Debug|Any CPU
		Release|Any CPU = Release|Any CPU
	EndGlobalSection
	GlobalSection(ProjectConfigurationPlatforms) = postSolution
		{79E7AB21-E2F3-4A6F-BF8C-841AB0A1DCDB}.Debug|Any CPU.ActiveCfg = Debug|Any CPU
		{79E7AB21-E2F3-4A6F-BF8C-841AB0A1DCDB}.Debug|Any CPU.Build.0 = Debug|Any CPU
		{79E7AB21-E2F3-4A6F-BF8C-841AB0A1DCDB}.Release|Any CPU.ActiveCfg = Release|Any CPU
		{79E7AB21-E2F3-4A6F-BF8C-841AB0A1DCDB}.Release|Any CPU.Build.0 = Release|Any CPU
		{9604BAED-13DD-4F98-81E1-E4BFF047A631}.Debug|Any CPU.ActiveCfg = Debug|Any CPU
		{9604BAED-13DD-4F98-81E1-E4BFF047A631}.Debug|Any CPU.Build.0 = Debug|Any CPU
		{9604BAED-13DD-4F98-81E1-E4BFF047A631}.Release|Any CPU.ActiveCfg = Release|Any CPU
		{9604BAED-13DD-4F98-81E1-E4BFF047A631}.Release|Any CPU.Build.0 = Release|Any CPU
		{85A7A742-9E69-4743-BEDE-37B9C95436D6}.Debug|Any CPU.ActiveCfg = Debug|Any CPU
		{85A7A742-9E69-4743-BEDE-37B9C95436D6}.Debug|Any CPU.Build.0 = Debug|Any CPU
		{85A7A742-9E69-4743-BEDE-37B9C95436D6}.Release|Any CPU.ActiveCfg = Release|Any CPU
		{85A7A742-9E69-4743-BEDE-37B9C95436D6}.Release|Any CPU.Build.0 = Release|Any CPU
	EndGlobalSection
	GlobalSection(SolutionProperties) = preSolution
		HideSolutionNode = FALSE
	EndGlobalSection
EndGlobal
